
Microsoft Visual Studio Solution File, Format Version 12.00
# Visual Studio Version 17
VisualStudioVersion = 17.7.34031.279
MinimumVisualStudioVersion = 10.0.40219.1
Project("{FAE04EC0-301F-11D3-BF4B-00C04F79EFBC}") = "EjercicioBucle2", "EjercicioBucle2.csproj", "{EC7685C9-9179-4DEC-B766-DD82043FC55C}"
EndProject
Global
	GlobalSection(SolutionConfigurationPlatforms) = preSolution
		Debug|Any CPU = Debug|Any CPU
		Release|Any CPU = Release|Any CPU
	EndGlobalSection
	GlobalSection(ProjectConfigurationPlatforms) = postSolution
		{EC7685C9-9179-4DEC-B766-DD82043FC55C}.Debug|Any CPU.ActiveCfg = Debug|Any CPU
		{EC7685C9-9179-4DEC-B766-DD82043FC55C}.Debug|Any CPU.Build.0 = Debug|Any CPU
		{EC7685C9-9179-4DEC-B766-DD82043FC55C}.Release|Any CPU.ActiveCfg = Release|Any CPU
		{EC7685C9-9179-4DEC-B766-DD82043FC55C}.Release|Any CPU.Build.0 = Release|Any CPU
	EndGlobalSection
	GlobalSection(SolutionProperties) = preSolution
		HideSolutionNode = FALSE
	EndGlobalSection
	GlobalSection(ExtensibilityGlobals) = postSolution
		SolutionGuid = {400B5EE4-BECF-440C-8F7A-09CE1627B4D2}
	EndGlobalSection
EndGlobal
